// !$*UTF8*$!
{
	archiveVersion = 1;
	classes = {
	};
	objectVersion = 48;
	objects = {

/* Begin PBXBuildFile section */
		3F291ED41F6999BE0058DCEC /* AppDelegate.swift in Sources */ = {isa = PBXBuildFile; fileRef = 3F291ED31F6999BE0058DCEC /* AppDelegate.swift */; };
		3F291ED61F6999BE0058DCEC /* ViewController.swift in Sources */ = {isa = PBXBuildFile; fileRef = 3F291ED51F6999BE0058DCEC /* ViewController.swift */; };
		3F291ED91F6999BE0058DCEC /* Main.storyboard in Resources */ = {isa = PBXBuildFile; fileRef = 3F291ED71F6999BE0058DCEC /* Main.storyboard */; };
		3F291EDB1F6999BE0058DCEC /* Assets.xcassets in Resources */ = {isa = PBXBuildFile; fileRef = 3F291EDA1F6999BE0058DCEC /* Assets.xcassets */; };
		3F291EDE1F6999BE0058DCEC /* LaunchScreen.storyboard in Resources */ = {isa = PBXBuildFile; fileRef = 3F291EDC1F6999BE0058DCEC /* LaunchScreen.storyboard */; };
/* End PBXBuildFile section */

/* Begin PBXFileReference section */
		3F291ED01F6999BE0058DCEC /* Founding Fathers Quote Book.app */ = {isa = PBXFileReference; explicitFileType = wrapper.application; includeInIndex = 0; path = "Founding Fathers Quote Book.app"; sourceTree = BUILT_PRODUCTS_DIR; };
		3F291ED31F6999BE0058DCEC /* AppDelegate.swift */ = {isa = PBXFileReference; lastKnownFileType = sourcecode.swift; path = AppDelegate.swift; sourceTree = "<group>"; };
		3F291ED51F6999BE0058DCEC /* ViewController.swift */ = {isa = PBXFileReference; lastKnownFileType = sourcecode.swift; path = ViewController.swift; sourceTree = "<group>"; };
		3F291ED81F6999BE0058DCEC /* Base */ = {isa = PBXFileReference; lastKnownFileType = file.storyboard; name = Base; path = Base.lproj/Main.storyboard; sourceTree = "<group>"; };
		3F291EDA1F6999BE0058DCEC /* Assets.xcassets */ = {isa = PBXFileReference; lastKnownFileType = folder.assetcatalog; path = Assets.xcassets; sourceTree = "<group>"; };
		3F291EDD1F6999BE0058DCEC /* Base */ = {isa = PBXFileReference; lastKnownFileType = file.storyboard; name = Base; path = Base.lproj/LaunchScreen.storyboard; sourceTree = "<group>"; };
		3F291EDF1F6999BE0058DCEC /* Info.plist */ = {isa = PBXFileReference; lastKnownFileType = text.plist.xml; path = Info.plist; sourceTree = "<group>"; };
/* End PBXFileReference section */

/* Begin PBXFrameworksBuildPhase section */
		3F291ECD1F6999BE0058DCEC /* Frameworks */ = {
			isa = PBXFrameworksBuildPhase;
			buildActionMask = 2147483647;
			files = (
			);
			runOnlyForDeploymentPostprocessing = 0;
		};
/* End PBXFrameworksBuildPhase section */

/* Begin PBXGroup section */
		3F291EC71F6999BE0058DCEC = {
			isa = PBXGroup;
			children = (
				3F291ED21F6999BE0058DCEC /* Founding Fathers Quote Book */,
				3F291ED11F6999BE0058DCEC /* Products */,
			);
			sourceTree = "<group>";
		};
		3F291ED11F6999BE0058DCEC /* Products */ = {
			isa = PBXGroup;
			children = (
				3F291ED01F6999BE0058DCEC /* Founding Fathers Quote Book.app */,
			);
			name = Products;
			sourceTree = "<group>";
		};
		3F291ED21F6999BE0058DCEC /* Founding Fathers Quote Book */ = {
			isa = PBXGroup;
			children = (
				3F291ED31F6999BE0058DCEC /* AppDelegate.swift */,
				3F291ED51F6999BE0058DCEC /* ViewController.swift */,
				3F291ED71F6999BE0058DCEC /* Main.storyboard */,
				3F291EDA1F6999BE0058DCEC /* Assets.xcassets */,
				3F291EDC1F6999BE0058DCEC /* LaunchScreen.storyboard */,
				3F291EDF1F6999BE0058DCEC /* Info.plist */,
			);
			path = "Founding Fathers Quote Book";
			sourceTree = "<group>";
		};
/* End PBXGroup section */

/* Begin PBXNativeTarget section */
		3F291ECF1F6999BE0058DCEC /* Founding Fathers Quote Book */ = {
			isa = PBXNativeTarget;
			buildConfigurationList = 3F291EE21F6999BE0058DCEC /* Build configuration list for PBXNativeTarget "Founding Fathers Quote Book" */;
			buildPhases = (
				3F291ECC1F6999BE0058DCEC /* Sources */,
				3F291ECD1F6999BE0058DCEC /* Frameworks */,
				3F291ECE1F6999BE0058DCEC /* Resources */,
			);
			buildRules = (
			);
			dependencies = (
			);
			name = "Founding Fathers Quote Book";
			productName = "Founding Fathers Quote Book";
			productReference = 3F291ED01F6999BE0058DCEC /* Founding Fathers Quote Book.app */;
			productType = "com.apple.product-type.application";
		};
/* End PBXNativeTarget section */

/* Begin PBXProject section */
		3F291EC81F6999BE0058DCEC /* Project object */ = {
			isa = PBXProject;
			attributes = {
				LastSwiftUpdateCheck = 0900;
				LastUpgradeCheck = 0900;
				ORGANIZATIONNAME = "Steve Liddle";
				TargetAttributes = {
					3F291ECF1F6999BE0058DCEC = {
						CreatedOnToolsVersion = 9.0;
						ProvisioningStyle = Automatic;
					};
				};
			};
			buildConfigurationList = 3F291ECB1F6999BE0058DCEC /* Build configuration list for PBXProject "Founding Fathers Quote Book" */;
			compatibilityVersion = "Xcode 8.0";
			developmentRegion = en;
			hasScannedForEncodings = 0;
			knownRegions = (
				en,
				Base,
			);
			mainGroup = 3F291EC71F6999BE0058DCEC;
			productRefGroup = 3F291ED11F6999BE0058DCEC /* Products */;
			projectDirPath = "";
			projectRoot = "";
			targets = (
				3F291ECF1F6999BE0058DCEC /* Founding Fathers Quote Book */,
			);
		};
/* End PBXProject section */

/* Begin PBXResourcesBuildPhase section */
		3F291ECE1F6999BE0058DCEC /* Resources */ = {
			isa = PBXResourcesBuildPhase;
			buildActionMask = 2147483647;
			files = (
				3F291EDE1F6999BE0058DCEC /* LaunchScreen.storyboard in Resources */,
				3F291EDB1F6999BE0058DCEC /* Assets.xcassets in Resources */,
				3F291ED91F6999BE0058DCEC /* Main.storyboard in Resources */,
			);
			runOnlyForDeploymentPostprocessing = 0;
		};
/* End PBXResourcesBuildPhase section */

/* Begin PBXSourcesBuildPhase section */
		3F291ECC1F6999BE0058DCEC /* Sources */ = {
			isa = PBXSourcesBuildPhase;
			buildActionMask = 2147483647;
			files = (
				3F291ED61F6999BE0058DCEC /* ViewController.swift in Sources */,
				3F291ED41F6999BE0058DCEC /* AppDelegate.swift in Sources */,
			);
			runOnlyForDeploymentPostprocessing = 0;
		};
/* End PBXSourcesBuildPhase section */

/* Begin PBXVariantGroup section */
		3F291ED71F6999BE0058DCEC /* Main.storyboard */ = {
			isa = PBXVariantGroup;
			children = (
				3F291ED81F6999BE0058DCEC /* Base */,
			);
			name = Main.storyboard;
			sourceTree = "<group>";
		};
		3F291EDC1F6999BE0058DCEC /* LaunchScreen.storyboard */ = {
			isa = PBXVariantGroup;
			children = (
				3F291EDD1F6999BE0058DCEC /* Base */,
			);
			name = LaunchScreen.storyboard;
			sourceTree = "<group>";
		};
/* End PBXVariantGroup section */

/* Begin XCBuildConfiguration section */
		3F291EE01F6999BE0058DCEC /* Debug */ = {
			isa = XCBuildConfiguration;
			buildSettings = {
				ALWAYS_SEARCH_USER_PATHS = NO;
				CLANG_ANALYZER_NONNULL = YES;
				CLANG_ANALYZER_NUMBER_OBJECT_CONVERSION = YES_AGGRESSIVE;
				CLANG_CXX_LANGUAGE_STANDARD = "gnu++14";
				CLANG_CXX_LIBRARY = "libc++";
				CLANG_ENABLE_MODULES = YES;
				CLANG_ENABLE_OBJC_ARC = YES;
				CLANG_WARN_BLOCK_CAPTURE_AUTORELEASING = YES;
				CLANG_WARN_BOOL_CONVERSION = YES;
				CLANG_WARN_COMMA = YES;
				CLANG_WARN_CONSTANT_CONVERSION = YES;
				CLANG_WARN_DIRECT_OBJC_ISA_USAGE = YES_ERROR;
				CLANG_WARN_DOCUMENTATION_COMMENTS = YES;
				CLANG_WARN_EMPTY_BODY = YES;
				CLANG_WARN_ENUM_CONVERSION = YES;
				CLANG_WARN_INFINITE_RECURSION = YES;
				CLANG_WARN_INT_CONVERSION = YES;
				CLANG_WARN_NON_LITERAL_NULL_CONVERSION = YES;
				CLANG_WARN_OBJC_LITERAL_CONVERSION = YES;
				CLANG_WARN_OBJC_ROOT_CLASS = YES_ERROR;
				CLANG_WARN_RANGE_LOOP_ANALYSIS = YES;
				CLANG_WARN_STRICT_PROTOTYPES = YES;
				CLANG_WARN_SUSPICIOUS_MOVE = YES;
				CLANG_WARN_UNGUARDED_AVAILABILITY = YES_AGGRESSIVE;
				CLANG_WARN_UNREACHABLE_CODE = YES;
				CLANG_WARN__DUPLICATE_METHOD_MATCH = YES;
				CODE_SIGN_IDENTITY = "iPhone Developer";
				COPY_PHASE_STRIP = NO;
				DEBUG_INFORMATION_FORMAT = dwarf;
				ENABLE_STRICT_OBJC_MSGSEND = YES;
				ENABLE_TESTABILITY = YES;
				GCC_C_LANGUAGE_STANDARD = gnu11;
				GCC_DYNAMIC_NO_PIC = NO;
				GCC_NO_COMMON_BLOCKS = YES;
				GCC_OPTIMIZATION_LEVEL = 0;
				GCC_PREPROCESSOR_DEFINITIONS = (
					"DEBUG=1",
					"$(inherited)",
				);
				GCC_WARN_64_TO_32_BIT_CONVERSION = YES;
				GCC_WARN_ABOUT_RETURN_TYPE = YES_ERROR;
				GCC_WARN_UNDECLARED_SELECTOR = YES;
				GCC_WARN_UNINITIALIZED_AUTOS = YES_AGGRESSIVE;
				GCC_WARN_UNUSED_FUNCTION = YES;
				GCC_WARN_UNUSED_VARIABLE = YES;
				IPHONEOS_DEPLOYMENT_TARGET = 11.0;
				MTL_ENABLE_DEBUG_INFO = YES;
				ONLY_ACTIVE_ARCH = YES;
				SDKROOT = iphoneos;
				SWIFT_ACTIVE_COMPILATION_CONDITIONS = DEBUG;
				SWIFT_OPTIMIZATION_LEVEL = "-Onone";
			};
			name = Debug;
		};
		3F291EE11F6999BE0058DCEC /* Release */ = {
			isa = XCBuildConfiguration;
			buildSettings = {
				ALWAYS_SEARCH_USER_PATHS = NO;
				CLANG_ANALYZER_NONNULL = YES;
				CLANG_ANALYZER_NUMBER_OBJECT_CONVERSION = YES_AGGRESSIVE;
				CLANG_CXX_LANGUAGE_STANDARD = "gnu++14";
				CLANG_CXX_LIBRARY = "libc++";
				CLANG_ENABLE_MODULES = YES;
				CLANG_ENABLE_OBJC_ARC = YES;
				CLANG_WARN_BLOCK_CAPTURE_AUTORELEASING = YES;
				CLANG_WARN_BOOL_CONVERSION = YES;
				CLANG_WARN_COMMA = YES;
				CLANG_WARN_CONSTANT_CONVERSION = YES;
				CLANG_WARN_DIRECT_OBJC_ISA_USAGE = YES_ERROR;
				CLANG_WARN_DOCUMENTATION_COMMENTS = YES;
				CLANG_WARN_EMPTY_BODY = YES;
				CLANG_WARN_ENUM_CONVERSION = YES;
				CLANG_WARN_INFINITE_RECURSION = YES;
				CLANG_WARN_INT_CONVERSION = YES;
				CLANG_WARN_NON_LITERAL_NULL_CONVERSION = YES;
				CLANG_WARN_OBJC_LITERAL_CONVERSION = YES;
				CLANG_WARN_OBJC_ROOT_CLASS = YES_ERROR;
				CLANG_WARN_RANGE_LOOP_ANALYSIS = YES;
				CLANG_WARN_STRICT_PROTOTYPES = YES;
				CLANG_WARN_SUSPICIOUS_MOVE = YES;
				CLANG_WARN_UNGUARDED_AVAILABILITY = YES_AGGRESSIVE;
				CLANG_WARN_UNREACHABLE_CODE = YES;
				CLANG_WARN__DUPLICATE_METHOD_MATCH = YES;
				CODE_SIGN_IDENTITY = "iPhone Developer";
				COPY_PHASE_STRIP = NO;
				DEBUG_INFORMATION_FORMAT = "dwarf-with-dsym";
				ENABLE_NS_ASSERTIONS = NO;
				ENABLE_STRICT_OBJC_MSGSEND = YES;
				GCC_C_LANGUAGE_STANDARD = gnu11;
				GCC_NO_COMMON_BLOCKS = YES;
				GCC_WARN_64_TO_32_BIT_CONVERSION = YES;
				GCC_WARN_ABOUT_RETURN_TYPE = YES_ERROR;
				GCC_WARN_UNDECLARED_SELECTOR = YES;
				GCC_WARN_UNINITIALIZED_AUTOS = YES_AGGRESSIVE;
				GCC_WARN_UNUSED_FUNCTION = YES;
				GCC_WARN_UNUSED_VARIABLE = YES;
				IPHONEOS_DEPLOYMENT_TARGET = 11.0;
				MTL_ENABLE_DEBUG_INFO = NO;
				SDKROOT = iphoneos;
				SWIFT_OPTIMIZATION_LEVEL = "-Owholemodule";
				VALIDATE_PRODUCT = YES;
			};
			name = Release;
		};
		3F291EE31F6999BE0058DCEC /* Debug */ = {
			isa = XCBuildConfiguration;
			buildSettings = {
				ASSETCATALOG_COMPILER_APPICON_NAME = AppIcon;
				CODE_SIGN_STYLE = Automatic;
				DEVELOPMENT_TEAM = KFPSLPBU25;
				INFOPLIST_FILE = "Founding Fathers Quote Book/Info.plist";
				LD_RUNPATH_SEARCH_PATHS = "$(inherited) @executable_path/Frameworks";
				PRODUCT_BUNDLE_IDENTIFIER = "edu.byu.cet.Founding-Fathers-Quote-Book";
				PRODUCT_NAME = "$(TARGET_NAME)";
				SWIFT_VERSION = 4.0;
				TARGETED_DEVICE_FAMILY = "1,2";
			};
			name = Debug;
		};
		3F291EE41F6999BE0058DCEC /* Release */ = {
			isa = XCBuildConfiguration;
			buildSettings = {
				ASSETCATALOG_COMPILER_APPICON_NAME = AppIcon;
				CODE_SIGN_STYLE = Automatic;
				DEVELOPMENT_TEAM = KFPSLPBU25;
				INFOPLIST_FILE = "Founding Fathers Quote Book/Info.plist";
				LD_RUNPATH_SEARCH_PATHS = "$(inherited) @executable_path/Frameworks";
				PRODUCT_BUNDLE_IDENTIFIER = "edu.byu.cet.Founding-Fathers-Quote-Book";
				PRODUCT_NAME = "$(TARGET_NAME)";
				SWIFT_VERSION = 4.0;
				TARGETED_DEVICE_FAMILY = "1,2";
			};
			name = Release;
		};
/* End XCBuildConfiguration section */

/* Begin XCConfigurationList section */
		3F291ECB1F6999BE0058DCEC /* Build configuration list for PBXProject "Founding Fathers Quote Book" */ = {
			isa = XCConfigurationList;
			buildConfigurations = (
				3F291EE01F6999BE0058DCEC /* Debug */,
				3F291EE11F6999BE0058DCEC /* Release */,
			);
			defaultConfigurationIsVisible = 0;
			defaultConfigurationName = Release;
		};
		3F291EE21F6999BE0058DCEC /* Build configuration list for PBXNativeTarget "Founding Fathers Quote Book" */ = {
			isa = XCConfigurationList;
			buildConfigurations = (
				3F291EE31F6999BE0058DCEC /* Debug */,
				3F291EE41F6999BE0058DCEC /* Release */,
			);
			defaultConfigurationIsVisible = 0;
			defaultConfigurationName = Release;
		};
/* End XCConfigurationList section */
	};
	rootObject = 3F291EC81F6999BE0058DCEC /* Project object */;
}
