// !$*UTF8*$!
{
	archiveVersion = 1;
	classes = {
	};
	objectVersion = 46;
	objects = {

/* Begin PBXBuildFile section */
		3F3F419B1D8359BE0067BDB3 /* Quote.swift in Sources */ = {isa = PBXBuildFile; fileRef = 3F3F419A1D8359BE0067BDB3 /* Quote.swift */; };
		3F3F419D1D835F760067BDB3 /* QuoteDeck.swift in Sources */ = {isa = PBXBuildFile; fileRef = 3F3F419C1D835F760067BDB3 /* QuoteDeck.swift */; };
		3F3F41A31D8731950067BDB3 /* RotatingNavigationController.swift in Sources */ = {isa = PBXBuildFile; fileRef = 3F3F41A21D8731950067BDB3 /* RotatingNavigationController.swift */; };
		3F49521C1D80A9A4008A6820 /* AppDelegate.swift in Sources */ = {isa = PBXBuildFile; fileRef = 3F49521B1D80A9A4008A6820 /* AppDelegate.swift */; };
		3F4952211D80A9A4008A6820 /* Main.storyboard in Resources */ = {isa = PBXBuildFile; fileRef = 3F49521F1D80A9A4008A6820 /* Main.storyboard */; };
		3F4952231D80A9A4008A6820 /* Assets.xcassets in Resources */ = {isa = PBXBuildFile; fileRef = 3F4952221D80A9A4008A6820 /* Assets.xcassets */; };
		3F4952261D80A9A4008A6820 /* LaunchScreen.storyboard in Resources */ = {isa = PBXBuildFile; fileRef = 3F4952241D80A9A4008A6820 /* LaunchScreen.storyboard */; };
		3F4952301D80B470008A6820 /* QuoteViewController.swift in Sources */ = {isa = PBXBuildFile; fileRef = 3F49522F1D80B470008A6820 /* QuoteViewController.swift */; };
		3F4952381D821BB6008A6820 /* TopicsViewController.swift in Sources */ = {isa = PBXBuildFile; fileRef = 3F4952371D821BB6008A6820 /* TopicsViewController.swift */; };
		3F49523A1D8223CC008A6820 /* SettingsViewController.swift in Sources */ = {isa = PBXBuildFile; fileRef = 3F4952391D8223CC008A6820 /* SettingsViewController.swift */; };
		3FD85AE91D8AFDA900F986D2 /* UserNotifications.framework in Frameworks */ = {isa = PBXBuildFile; fileRef = 3FD85AE81D8AFDA900F986D2 /* UserNotifications.framework */; };
/* End PBXBuildFile section */

/* Begin PBXFileReference section */
		3F3F419A1D8359BE0067BDB3 /* Quote.swift */ = {isa = PBXFileReference; fileEncoding = 4; lastKnownFileType = sourcecode.swift; path = Quote.swift; sourceTree = "<group>"; };
		3F3F419C1D835F760067BDB3 /* QuoteDeck.swift */ = {isa = PBXFileReference; fileEncoding = 4; lastKnownFileType = sourcecode.swift; path = QuoteDeck.swift; sourceTree = "<group>"; };
		3F3F41A21D8731950067BDB3 /* RotatingNavigationController.swift */ = {isa = PBXFileReference; fileEncoding = 4; lastKnownFileType = sourcecode.swift; path = RotatingNavigationController.swift; sourceTree = "<group>"; };
		3F4952181D80A9A4008A6820 /* Founding Fathers Quote Book.app */ = {isa = PBXFileReference; explicitFileType = wrapper.application; includeInIndex = 0; path = "Founding Fathers Quote Book.app"; sourceTree = BUILT_PRODUCTS_DIR; };
		3F49521B1D80A9A4008A6820 /* AppDelegate.swift */ = {isa = PBXFileReference; lastKnownFileType = sourcecode.swift; path = AppDelegate.swift; sourceTree = "<group>"; };
		3F4952201D80A9A4008A6820 /* Base */ = {isa = PBXFileReference; lastKnownFileType = file.storyboard; name = Base; path = Base.lproj/Main.storyboard; sourceTree = "<group>"; };
		3F4952221D80A9A4008A6820 /* Assets.xcassets */ = {isa = PBXFileReference; lastKnownFileType = folder.assetcatalog; path = Assets.xcassets; sourceTree = "<group>"; };
		3F4952251D80A9A4008A6820 /* Base */ = {isa = PBXFileReference; lastKnownFileType = file.storyboard; name = Base; path = Base.lproj/LaunchScreen.storyboard; sourceTree = "<group>"; };
		3F4952271D80A9A4008A6820 /* Info.plist */ = {isa = PBXFileReference; lastKnownFileType = text.plist.xml; path = Info.plist; sourceTree = "<group>"; };
		3F49522F1D80B470008A6820 /* QuoteViewController.swift */ = {isa = PBXFileReference; fileEncoding = 4; lastKnownFileType = sourcecode.swift; path = QuoteViewController.swift; sourceTree = "<group>"; };
		3F4952371D821BB6008A6820 /* TopicsViewController.swift */ = {isa = PBXFileReference; fileEncoding = 4; lastKnownFileType = sourcecode.swift; path = TopicsViewController.swift; sourceTree = "<group>"; };
		3F4952391D8223CC008A6820 /* SettingsViewController.swift */ = {isa = PBXFileReference; fileEncoding = 4; lastKnownFileType = sourcecode.swift; path = SettingsViewController.swift; sourceTree = "<group>"; };
		3FD85AE81D8AFDA900F986D2 /* UserNotifications.framework */ = {isa = PBXFileReference; lastKnownFileType = wrapper.framework; name = UserNotifications.framework; path = System/Library/Frameworks/UserNotifications.framework; sourceTree = SDKROOT; };
/* End PBXFileReference section */

/* Begin PBXFrameworksBuildPhase section */
		3F4952151D80A9A4008A6820 /* Frameworks */ = {
			isa = PBXFrameworksBuildPhase;
			buildActionMask = 2147483647;
			files = (
				3FD85AE91D8AFDA900F986D2 /* UserNotifications.framework in Frameworks */,
			);
			runOnlyForDeploymentPostprocessing = 0;
		};
/* End PBXFrameworksBuildPhase section */

/* Begin PBXGroup section */
		3F3F41961D8359480067BDB3 /* Model */ = {
			isa = PBXGroup;
			children = (
				3F3F419A1D8359BE0067BDB3 /* Quote.swift */,
				3F3F419C1D835F760067BDB3 /* QuoteDeck.swift */,
			);
			name = Model;
			sourceTree = "<group>";
		};
		3F3F41971D83594E0067BDB3 /* View */ = {
			isa = PBXGroup;
			children = (
				3F49521F1D80A9A4008A6820 /* Main.storyboard */,
			);
			name = View;
			sourceTree = "<group>";
		};
		3F3F41981D8359530067BDB3 /* Controller */ = {
			isa = PBXGroup;
			children = (
				3F49522F1D80B470008A6820 /* QuoteViewController.swift */,
				3F3F41A21D8731950067BDB3 /* RotatingNavigationController.swift */,
				3F4952391D8223CC008A6820 /* SettingsViewController.swift */,
				3F4952371D821BB6008A6820 /* TopicsViewController.swift */,
			);
			name = Controller;
			sourceTree = "<group>";
		};
		3F3F41991D83595A0067BDB3 /* Supporting Files */ = {
			isa = PBXGroup;
			children = (
				3F49521B1D80A9A4008A6820 /* AppDelegate.swift */,
				3F4952241D80A9A4008A6820 /* LaunchScreen.storyboard */,
				3F4952271D80A9A4008A6820 /* Info.plist */,
			);
			name = "Supporting Files";
			path = "Founding Fathers Quote Book";
			sourceTree = "<group>";
		};
		3F49520F1D80A9A4008A6820 = {
			isa = PBXGroup;
			children = (
				3F49521A1D80A9A4008A6820 /* Founding Fathers Quote Book */,
				3F3F41991D83595A0067BDB3 /* Supporting Files */,
				3F4952191D80A9A4008A6820 /* Products */,
				3FD85AE71D8AFDA800F986D2 /* Frameworks */,
			);
			sourceTree = "<group>";
		};
		3F4952191D80A9A4008A6820 /* Products */ = {
			isa = PBXGroup;
			children = (
				3F4952181D80A9A4008A6820 /* Founding Fathers Quote Book.app */,
			);
			name = Products;
			sourceTree = "<group>";
		};
		3F49521A1D80A9A4008A6820 /* Founding Fathers Quote Book */ = {
			isa = PBXGroup;
			children = (
				3F3F41961D8359480067BDB3 /* Model */,
				3F3F41971D83594E0067BDB3 /* View */,
				3F3F41981D8359530067BDB3 /* Controller */,
				3F4952221D80A9A4008A6820 /* Assets.xcassets */,
			);
			path = "Founding Fathers Quote Book";
			sourceTree = "<group>";
		};
		3FD85AE71D8AFDA800F986D2 /* Frameworks */ = {
			isa = PBXGroup;
			children = (
				3FD85AE81D8AFDA900F986D2 /* UserNotifications.framework */,
			);
			name = Frameworks;
			sourceTree = "<group>";
		};
/* End PBXGroup section */

/* Begin PBXNativeTarget section */
		3F4952171D80A9A4008A6820 /* Founding Fathers Quote Book */ = {
			isa = PBXNativeTarget;
			buildConfigurationList = 3F49522A1D80A9A4008A6820 /* Build configuration list for PBXNativeTarget "Founding Fathers Quote Book" */;
			buildPhases = (
				3F4952141D80A9A4008A6820 /* Sources */,
				3F4952151D80A9A4008A6820 /* Frameworks */,
				3F4952161D80A9A4008A6820 /* Resources */,
			);
			buildRules = (
			);
			dependencies = (
			);
			name = "Founding Fathers Quote Book";
			productName = "Founding Fathers Quote Book";
			productReference = 3F4952181D80A9A4008A6820 /* Founding Fathers Quote Book.app */;
			productType = "com.apple.product-type.application";
		};
/* End PBXNativeTarget section */

/* Begin PBXProject section */
		3F4952101D80A9A4008A6820 /* Project object */ = {
			isa = PBXProject;
			attributes = {
				LastSwiftUpdateCheck = 0730;
				LastUpgradeCheck = 0800;
				ORGANIZATIONNAME = "Steve Liddle";
				TargetAttributes = {
					3F4952171D80A9A4008A6820 = {
						CreatedOnToolsVersion = 7.3.1;
						DevelopmentTeam = KFPSLPBU25;
						LastSwiftMigration = 0800;
					};
				};
			};
			buildConfigurationList = 3F4952131D80A9A4008A6820 /* Build configuration list for PBXProject "Founding Fathers Quote Book" */;
			compatibilityVersion = "Xcode 3.2";
			developmentRegion = English;
			hasScannedForEncodings = 0;
			knownRegions = (
				en,
				Base,
			);
			mainGroup = 3F49520F1D80A9A4008A6820;
			productRefGroup = 3F4952191D80A9A4008A6820 /* Products */;
			projectDirPath = "";
			projectRoot = "";
			targets = (
				3F4952171D80A9A4008A6820 /* Founding Fathers Quote Book */,
			);
		};
/* End PBXProject section */

/* Begin PBXResourcesBuildPhase section */
		3F4952161D80A9A4008A6820 /* Resources */ = {
			isa = PBXResourcesBuildPhase;
			buildActionMask = 2147483647;
			files = (
				3F4952261D80A9A4008A6820 /* LaunchScreen.storyboard in Resources */,
				3F4952231D80A9A4008A6820 /* Assets.xcassets in Resources */,
				3F4952211D80A9A4008A6820 /* Main.storyboard in Resources */,
			);
			runOnlyForDeploymentPostprocessing = 0;
		};
/* End PBXResourcesBuildPhase section */

/* Begin PBXSourcesBuildPhase section */
		3F4952141D80A9A4008A6820 /* Sources */ = {
			isa = PBXSourcesBuildPhase;
			buildActionMask = 2147483647;
			files = (
				3F4952301D80B470008A6820 /* QuoteViewController.swift in Sources */,
				3F3F419B1D8359BE0067BDB3 /* Quote.swift in Sources */,
				3F4952381D821BB6008A6820 /* TopicsViewController.swift in Sources */,
				3F49523A1D8223CC008A6820 /* SettingsViewController.swift in Sources */,
				3F49521C1D80A9A4008A6820 /* AppDelegate.swift in Sources */,
				3F3F41A31D8731950067BDB3 /* RotatingNavigationController.swift in Sources */,
				3F3F419D1D835F760067BDB3 /* QuoteDeck.swift in Sources */,
			);
			runOnlyForDeploymentPostprocessing = 0;
		};
/* End PBXSourcesBuildPhase section */

/* Begin PBXVariantGroup section */
		3F49521F1D80A9A4008A6820 /* Main.storyboard */ = {
			isa = PBXVariantGroup;
			children = (
				3F4952201D80A9A4008A6820 /* Base */,
			);
			name = Main.storyboard;
			sourceTree = "<group>";
		};
		3F4952241D80A9A4008A6820 /* LaunchScreen.storyboard */ = {
			isa = PBXVariantGroup;
			children = (
				3F4952251D80A9A4008A6820 /* Base */,
			);
			name = LaunchScreen.storyboard;
			sourceTree = "<group>";
		};
/* End PBXVariantGroup section */

/* Begin XCBuildConfiguration section */
		3F4952281D80A9A4008A6820 /* Debug */ = {
			isa = XCBuildConfiguration;
			buildSettings = {
				ALWAYS_SEARCH_USER_PATHS = NO;
				CLANG_ANALYZER_NONNULL = YES;
				CLANG_CXX_LANGUAGE_STANDARD = "gnu++0x";
				CLANG_CXX_LIBRARY = "libc++";
				CLANG_ENABLE_MODULES = YES;
				CLANG_ENABLE_OBJC_ARC = YES;
				CLANG_WARN_BOOL_CONVERSION = YES;
				CLANG_WARN_CONSTANT_CONVERSION = YES;
				CLANG_WARN_DIRECT_OBJC_ISA_USAGE = YES_ERROR;
				CLANG_WARN_EMPTY_BODY = YES;
				CLANG_WARN_ENUM_CONVERSION = YES;
				CLANG_WARN_INFINITE_RECURSION = YES;
				CLANG_WARN_INT_CONVERSION = YES;
				CLANG_WARN_OBJC_ROOT_CLASS = YES_ERROR;
				CLANG_WARN_SUSPICIOUS_MOVE = YES;
				CLANG_WARN_UNREACHABLE_CODE = YES;
				CLANG_WARN__DUPLICATE_METHOD_MATCH = YES;
				"CODE_SIGN_IDENTITY[sdk=iphoneos*]" = "iPhone Developer";
				COPY_PHASE_STRIP = NO;
				DEBUG_INFORMATION_FORMAT = dwarf;
				ENABLE_STRICT_OBJC_MSGSEND = YES;
				ENABLE_TESTABILITY = YES;
				GCC_C_LANGUAGE_STANDARD = gnu99;
				GCC_DYNAMIC_NO_PIC = NO;
				GCC_NO_COMMON_BLOCKS = YES;
				GCC_OPTIMIZATION_LEVEL = 0;
				GCC_PREPROCESSOR_DEFINITIONS = (
					"DEBUG=1",
					"$(inherited)",
				);
				GCC_WARN_64_TO_32_BIT_CONVERSION = YES;
				GCC_WARN_ABOUT_RETURN_TYPE = YES_ERROR;
				GCC_WARN_UNDECLARED_SELECTOR = YES;
				GCC_WARN_UNINITIALIZED_AUTOS = YES_AGGRESSIVE;
				GCC_WARN_UNUSED_FUNCTION = YES;
				GCC_WARN_UNUSED_VARIABLE = YES;
				IPHONEOS_DEPLOYMENT_TARGET = 10.0;
				MTL_ENABLE_DEBUG_INFO = YES;
				ONLY_ACTIVE_ARCH = YES;
				SDKROOT = iphoneos;
				SWIFT_OPTIMIZATION_LEVEL = "-Onone";
				TARGETED_DEVICE_FAMILY = "1,2";
			};
			name = Debug;
		};
		3F4952291D80A9A4008A6820 /* Release */ = {
			isa = XCBuildConfiguration;
			buildSettings = {
				ALWAYS_SEARCH_USER_PATHS = NO;
				CLANG_ANALYZER_NONNULL = YES;
				CLANG_CXX_LANGUAGE_STANDARD = "gnu++0x";
				CLANG_CXX_LIBRARY = "libc++";
				CLANG_ENABLE_MODULES = YES;
				CLANG_ENABLE_OBJC_ARC = YES;
				CLANG_WARN_BOOL_CONVERSION = YES;
				CLANG_WARN_CONSTANT_CONVERSION = YES;
				CLANG_WARN_DIRECT_OBJC_ISA_USAGE = YES_ERROR;
				CLANG_WARN_EMPTY_BODY = YES;
				CLANG_WARN_ENUM_CONVERSION = YES;
				CLANG_WARN_INFINITE_RECURSION = YES;
				CLANG_WARN_INT_CONVERSION = YES;
				CLANG_WARN_OBJC_ROOT_CLASS = YES_ERROR;
				CLANG_WARN_SUSPICIOUS_MOVE = YES;
				CLANG_WARN_UNREACHABLE_CODE = YES;
				CLANG_WARN__DUPLICATE_METHOD_MATCH = YES;
				"CODE_SIGN_IDENTITY[sdk=iphoneos*]" = "iPhone Developer";
				COPY_PHASE_STRIP = NO;
				DEBUG_INFORMATION_FORMAT = "dwarf-with-dsym";
				ENABLE_NS_ASSERTIONS = NO;
				ENABLE_STRICT_OBJC_MSGSEND = YES;
				GCC_C_LANGUAGE_STANDARD = gnu99;
				GCC_NO_COMMON_BLOCKS = YES;
				GCC_WARN_64_TO_32_BIT_CONVERSION = YES;
				GCC_WARN_ABOUT_RETURN_TYPE = YES_ERROR;
				GCC_WARN_UNDECLARED_SELECTOR = YES;
				GCC_WARN_UNINITIALIZED_AUTOS = YES_AGGRESSIVE;
				GCC_WARN_UNUSED_FUNCTION = YES;
				GCC_WARN_UNUSED_VARIABLE = YES;
				IPHONEOS_DEPLOYMENT_TARGET = 10.0;
				MTL_ENABLE_DEBUG_INFO = NO;
				SDKROOT = iphoneos;
				SWIFT_OPTIMIZATION_LEVEL = "-Owholemodule";
				TARGETED_DEVICE_FAMILY = "1,2";
				VALIDATE_PRODUCT = YES;
			};
			name = Release;
		};
		3F49522B1D80A9A4008A6820 /* Debug */ = {
			isa = XCBuildConfiguration;
			buildSettings = {
				ASSETCATALOG_COMPILER_APPICON_NAME = AppIcon;
				DEVELOPMENT_TEAM = KFPSLPBU25;
				INFOPLIST_FILE = "Founding Fathers Quote Book/Info.plist";
				IPHONEOS_DEPLOYMENT_TARGET = 10.0;
				LD_RUNPATH_SEARCH_PATHS = "$(inherited) @executable_path/Frameworks";
				PRODUCT_BUNDLE_IDENTIFIER = "edu.byu.is543.Founding-Fathers-Quote-Book";
				PRODUCT_NAME = "$(TARGET_NAME)";
				SWIFT_VERSION = 3.0;
			};
			name = Debug;
		};
		3F49522C1D80A9A4008A6820 /* Release */ = {
			isa = XCBuildConfiguration;
			buildSettings = {
				ASSETCATALOG_COMPILER_APPICON_NAME = AppIcon;
				DEVELOPMENT_TEAM = KFPSLPBU25;
				INFOPLIST_FILE = "Founding Fathers Quote Book/Info.plist";
				IPHONEOS_DEPLOYMENT_TARGET = 10.0;
				LD_RUNPATH_SEARCH_PATHS = "$(inherited) @executable_path/Frameworks";
				PRODUCT_BUNDLE_IDENTIFIER = "edu.byu.is543.Founding-Fathers-Quote-Book";
				PRODUCT_NAME = "$(TARGET_NAME)";
				SWIFT_VERSION = 3.0;
			};
			name = Release;
		};
/* End XCBuildConfiguration section */

/* Begin XCConfigurationList section */
		3F4952131D80A9A4008A6820 /* Build configuration list for PBXProject "Founding Fathers Quote Book" */ = {
			isa = XCConfigurationList;
			buildConfigurations = (
				3F4952281D80A9A4008A6820 /* Debug */,
				3F4952291D80A9A4008A6820 /* Release */,
			);
			defaultConfigurationIsVisible = 0;
			defaultConfigurationName = Release;
		};
		3F49522A1D80A9A4008A6820 /* Build configuration list for PBXNativeTarget "Founding Fathers Quote Book" */ = {
			isa = XCConfigurationList;
			buildConfigurations = (
				3F49522B1D80A9A4008A6820 /* Debug */,
				3F49522C1D80A9A4008A6820 /* Release */,
			);
			defaultConfigurationIsVisible = 0;
			defaultConfigurationName = Release;
		};
/* End XCConfigurationList section */
	};
	rootObject = 3F4952101D80A9A4008A6820 /* Project object */;
}
